
Microsoft Visual Studio Solution File, Format Version 12.00
# Visual Studio 14
VisualStudioVersion = 14.0.25420.1
MinimumVisualStudioVersion = 10.0.40219.1
Project("{FAE04EC0-301F-11D3-BF4B-00C04F79EFBC}") = "labo1", "labo1\labo1.csproj", "{ACEF127E-990D-471F-9208-E8F88F20713F}"
EndProject
Global
	GlobalSection(SolutionConfigurationPlatforms) = preSolution
		Debug|Any CPU = Debug|Any CPU
		Release|Any CPU = Release|Any CPU
	EndGlobalSection
	GlobalSection(ProjectConfigurationPlatforms) = postSolution
		{ACEF127E-990D-471F-9208-E8F88F20713F}.Debug|Any CPU.ActiveCfg = Debug|Any CPU
		{ACEF127E-990D-471F-9208-E8F88F20713F}.Debug|Any CPU.Build.0 = Debug|Any CPU
		{ACEF127E-990D-471F-9208-E8F88F20713F}.Release|Any CPU.ActiveCfg = Release|Any CPU
		{ACEF127E-990D-471F-9208-E8F88F20713F}.Release|Any CPU.Build.0 = Release|Any CPU
	EndGlobalSection
	GlobalSection(SolutionProperties) = preSolution
		HideSolutionNode = FALSE
	EndGlobalSection
EndGlobal
